
Microsoft Visual Studio Solution File, Format Version 12.00
# Visual Studio Version 17
VisualStudioVersion = 17.8.34330.188
MinimumVisualStudioVersion = 10.0.40219.1
Project("{FAE04EC0-301F-11D3-BF4B-00C04F79EFBC}") = "StudydotNETwithPostSQL", "StudydotNETwithPostSQL\StudydotNETwithPostSQL.csproj", "{095429D4-DBCA-4339-86A9-4E7EA57BD0AE}"
EndProject
Global
	GlobalSection(SolutionConfigurationPlatforms) = preSolution
		Debug|Any CPU = Debug|Any CPU
		Release|Any CPU = Release|Any CPU
	EndGlobalSection
	GlobalSection(ProjectConfigurationPlatforms) = postSolution
		{095429D4-DBCA-4339-86A9-4E7EA57BD0AE}.Debug|Any CPU.ActiveCfg = Debug|Any CPU
		{095429D4-DBCA-4339-86A9-4E7EA57BD0AE}.Debug|Any CPU.Build.0 = Debug|Any CPU
		{095429D4-DBCA-4339-86A9-4E7EA57BD0AE}.Release|Any CPU.ActiveCfg = Release|Any CPU
		{095429D4-DBCA-4339-86A9-4E7EA57BD0AE}.Release|Any CPU.Build.0 = Release|Any CPU
	EndGlobalSection
	GlobalSection(SolutionProperties) = preSolution
		HideSolutionNode = FALSE
	EndGlobalSection
	GlobalSection(ExtensibilityGlobals) = postSolution
		SolutionGuid = {7E804558-DF2B-4608-AF86-ECD663D51AE0}
	EndGlobalSection
EndGlobal
